// !$*UTF8*$!
{
	archiveVersion = 1;
	classes = {
	};
	objectVersion = 46;
	objects = {

/* Begin PBXBuildFile section */
		F5DD3E001D73E48E003949AA /* AppDelegate.swift in Sources */ = {isa = PBXBuildFile; fileRef = F5DD3DFF1D73E48E003949AA /* AppDelegate.swift */; };
		F5DD3E021D73E48E003949AA /* ViewController.swift in Sources */ = {isa = PBXBuildFile; fileRef = F5DD3E011D73E48E003949AA /* ViewController.swift */; };
		F5DD3E051D73E48E003949AA /* Main.storyboard in Resources */ = {isa = PBXBuildFile; fileRef = F5DD3E031D73E48E003949AA /* Main.storyboard */; };
		F5DD3E071D73E48E003949AA /* Assets.xcassets in Resources */ = {isa = PBXBuildFile; fileRef = F5DD3E061D73E48E003949AA /* Assets.xcassets */; };
		F5DD3E0A1D73E48E003949AA /* LaunchScreen.storyboard in Resources */ = {isa = PBXBuildFile; fileRef = F5DD3E081D73E48E003949AA /* LaunchScreen.storyboard */; };
/* End PBXBuildFile section */

/* Begin PBXFileReference section */
		F5DD3DFC1D73E48E003949AA /* GameFish.app */ = {isa = PBXFileReference; explicitFileType = wrapper.application; includeInIndex = 0; path = GameFish.app; sourceTree = BUILT_PRODUCTS_DIR; };
		F5DD3DFF1D73E48E003949AA /* AppDelegate.swift */ = {isa = PBXFileReference; lastKnownFileType = sourcecode.swift; path = AppDelegate.swift; sourceTree = "<group>"; };
		F5DD3E011D73E48E003949AA /* ViewController.swift */ = {isa = PBXFileReference; lastKnownFileType = sourcecode.swift; path = ViewController.swift; sourceTree = "<group>"; };
		F5DD3E041D73E48E003949AA /* Base */ = {isa = PBXFileReference; lastKnownFileType = file.storyboard; name = Base; path = Base.lproj/Main.storyboard; sourceTree = "<group>"; };
		F5DD3E061D73E48E003949AA /* Assets.xcassets */ = {isa = PBXFileReference; lastKnownFileType = folder.assetcatalog; path = Assets.xcassets; sourceTree = "<group>"; };
		F5DD3E091D73E48E003949AA /* Base */ = {isa = PBXFileReference; lastKnownFileType = file.storyboard; name = Base; path = Base.lproj/LaunchScreen.storyboard; sourceTree = "<group>"; };
		F5DD3E0B1D73E48E003949AA /* Info.plist */ = {isa = PBXFileReference; lastKnownFileType = text.plist.xml; path = Info.plist; sourceTree = "<group>"; };
/* End PBXFileReference section */

/* Begin PBXFrameworksBuildPhase section */
		F5DD3DF91D73E48E003949AA /* Frameworks */ = {
			isa = PBXFrameworksBuildPhase;
			buildActionMask = 2147483647;
			files = (
			);
			runOnlyForDeploymentPostprocessing = 0;
		};
/* End PBXFrameworksBuildPhase section */

/* Begin PBXGroup section */
		F5DD3DF31D73E48E003949AA = {
			isa = PBXGroup;
			children = (
				F5DD3DFE1D73E48E003949AA /* GameFish */,
				F5DD3DFD1D73E48E003949AA /* Products */,
			);
			sourceTree = "<group>";
		};
		F5DD3DFD1D73E48E003949AA /* Products */ = {
			isa = PBXGroup;
			children = (
				F5DD3DFC1D73E48E003949AA /* GameFish.app */,
			);
			name = Products;
			sourceTree = "<group>";
		};
		F5DD3DFE1D73E48E003949AA /* GameFish */ = {
			isa = PBXGroup;
			children = (
				F5DD3DFF1D73E48E003949AA /* AppDelegate.swift */,
				F5DD3E011D73E48E003949AA /* ViewController.swift */,
				F5DD3E031D73E48E003949AA /* Main.storyboard */,
				F5DD3E061D73E48E003949AA /* Assets.xcassets */,
				F5DD3E081D73E48E003949AA /* LaunchScreen.storyboard */,
				F5DD3E0B1D73E48E003949AA /* Info.plist */,
			);
			path = GameFish;
			sourceTree = "<group>";
		};
/* End PBXGroup section */

/* Begin PBXNativeTarget section */
		F5DD3DFB1D73E48E003949AA /* GameFish */ = {
			isa = PBXNativeTarget;
			buildConfigurationList = F5DD3E0E1D73E48E003949AA /* Build configuration list for PBXNativeTarget "GameFish" */;
			buildPhases = (
				F5DD3DF81D73E48E003949AA /* Sources */,
				F5DD3DF91D73E48E003949AA /* Frameworks */,
				F5DD3DFA1D73E48E003949AA /* Resources */,
			);
			buildRules = (
			);
			dependencies = (
			);
			name = GameFish;
			productName = GameFish;
			productReference = F5DD3DFC1D73E48E003949AA /* GameFish.app */;
			productType = "com.apple.product-type.application";
		};
/* End PBXNativeTarget section */

/* Begin PBXProject section */
		F5DD3DF41D73E48E003949AA /* Project object */ = {
			isa = PBXProject;
			attributes = {
				LastSwiftUpdateCheck = 0730;
				LastUpgradeCheck = 0730;
				ORGANIZATIONNAME = "Hoàng Minh Thành";
				TargetAttributes = {
					F5DD3DFB1D73E48E003949AA = {
						CreatedOnToolsVersion = 7.3.1;
					};
				};
			};
			buildConfigurationList = F5DD3DF71D73E48E003949AA /* Build configuration list for PBXProject "GameFish" */;
			compatibilityVersion = "Xcode 3.2";
			developmentRegion = English;
			hasScannedForEncodings = 0;
			knownRegions = (
				en,
				Base,
			);
			mainGroup = F5DD3DF31D73E48E003949AA;
			productRefGroup = F5DD3DFD1D73E48E003949AA /* Products */;
			projectDirPath = "";
			projectRoot = "";
			targets = (
				F5DD3DFB1D73E48E003949AA /* GameFish */,
			);
		};
/* End PBXProject section */

/* Begin PBXResourcesBuildPhase section */
		F5DD3DFA1D73E48E003949AA /* Resources */ = {
			isa = PBXResourcesBuildPhase;
			buildActionMask = 2147483647;
			files = (
				F5DD3E0A1D73E48E003949AA /* LaunchScreen.storyboard in Resources */,
				F5DD3E071D73E48E003949AA /* Assets.xcassets in Resources */,
				F5DD3E051D73E48E003949AA /* Main.storyboard in Resources */,
			);
			runOnlyForDeploymentPostprocessing = 0;
		};
/* End PBXResourcesBuildPhase section */

/* Begin PBXSourcesBuildPhase section */
		F5DD3DF81D73E48E003949AA /* Sources */ = {
			isa = PBXSourcesBuildPhase;
			buildActionMask = 2147483647;
			files = (
				F5DD3E021D73E48E003949AA /* ViewController.swift in Sources */,
				F5DD3E001D73E48E003949AA /* AppDelegate.swift in Sources */,
			);
			runOnlyForDeploymentPostprocessing = 0;
		};
/* End PBXSourcesBuildPhase section */

/* Begin PBXVariantGroup section */
		F5DD3E031D73E48E003949AA /* Main.storyboard */ = {
			isa = PBXVariantGroup;
			children = (
				F5DD3E041D73E48E003949AA /* Base */,
			);
			name = Main.storyboard;
			sourceTree = "<group>";
		};
		F5DD3E081D73E48E003949AA /* LaunchScreen.storyboard */ = {
			isa = PBXVariantGroup;
			children = (
				F5DD3E091D73E48E003949AA /* Base */,
			);
			name = LaunchScreen.storyboard;
			sourceTree = "<group>";
		};
/* End PBXVariantGroup section */

/* Begin XCBuildConfiguration section */
		F5DD3E0C1D73E48E003949AA /* Debug */ = {
			isa = XCBuildConfiguration;
			buildSettings = {
				ALWAYS_SEARCH_USER_PATHS = NO;
				CLANG_ANALYZER_NONNULL = YES;
				CLANG_CXX_LANGUAGE_STANDARD = "gnu++0x";
				CLANG_CXX_LIBRARY = "libc++";
				CLANG_ENABLE_MODULES = YES;
				CLANG_ENABLE_OBJC_ARC = YES;
				CLANG_WARN_BOOL_CONVERSION = YES;
				CLANG_WARN_CONSTANT_CONVERSION = YES;
				CLANG_WARN_DIRECT_OBJC_ISA_USAGE = YES_ERROR;
				CLANG_WARN_EMPTY_BODY = YES;
				CLANG_WARN_ENUM_CONVERSION = YES;
				CLANG_WARN_INT_CONVERSION = YES;
				CLANG_WARN_OBJC_ROOT_CLASS = YES_ERROR;
				CLANG_WARN_UNREACHABLE_CODE = YES;
				CLANG_WARN__DUPLICATE_METHOD_MATCH = YES;
				"CODE_SIGN_IDENTITY[sdk=iphoneos*]" = "iPhone Developer";
				COPY_PHASE_STRIP = NO;
				DEBUG_INFORMATION_FORMAT = dwarf;
				ENABLE_STRICT_OBJC_MSGSEND = YES;
				ENABLE_TESTABILITY = YES;
				GCC_C_LANGUAGE_STANDARD = gnu99;
				GCC_DYNAMIC_NO_PIC = NO;
				GCC_NO_COMMON_BLOCKS = YES;
				GCC_OPTIMIZATION_LEVEL = 0;
				GCC_PREPROCESSOR_DEFINITIONS = (
					"DEBUG=1",
					"$(inherited)",
				);
				GCC_WARN_64_TO_32_BIT_CONVERSION = YES;
				GCC_WARN_ABOUT_RETURN_TYPE = YES_ERROR;
				GCC_WARN_UNDECLARED_SELECTOR = YES;
				GCC_WARN_UNINITIALIZED_AUTOS = YES_AGGRESSIVE;
				GCC_WARN_UNUSED_FUNCTION = YES;
				GCC_WARN_UNUSED_VARIABLE = YES;
				IPHONEOS_DEPLOYMENT_TARGET = 9.3;
				MTL_ENABLE_DEBUG_INFO = YES;
				ONLY_ACTIVE_ARCH = YES;
				SDKROOT = iphoneos;
				SWIFT_OPTIMIZATION_LEVEL = "-Onone";
			};
			name = Debug;
		};
		F5DD3E0D1D73E48E003949AA /* Release */ = {
			isa = XCBuildConfiguration;
			buildSettings = {
				ALWAYS_SEARCH_USER_PATHS = NO;
				CLANG_ANALYZER_NONNULL = YES;
				CLANG_CXX_LANGUAGE_STANDARD = "gnu++0x";
				CLANG_CXX_LIBRARY = "libc++";
				CLANG_ENABLE_MODULES = YES;
				CLANG_ENABLE_OBJC_ARC = YES;
				CLANG_WARN_BOOL_CONVERSION = YES;
				CLANG_WARN_CONSTANT_CONVERSION = YES;
				CLANG_WARN_DIRECT_OBJC_ISA_USAGE = YES_ERROR;
				CLANG_WARN_EMPTY_BODY = YES;
				CLANG_WARN_ENUM_CONVERSION = YES;
				CLANG_WARN_INT_CONVERSION = YES;
				CLANG_WARN_OBJC_ROOT_CLASS = YES_ERROR;
				CLANG_WARN_UNREACHABLE_CODE = YES;
				CLANG_WARN__DUPLICATE_METHOD_MATCH = YES;
				"CODE_SIGN_IDENTITY[sdk=iphoneos*]" = "iPhone Developer";
				COPY_PHASE_STRIP = NO;
				DEBUG_INFORMATION_FORMAT = "dwarf-with-dsym";
				ENABLE_NS_ASSERTIONS = NO;
				ENABLE_STRICT_OBJC_MSGSEND = YES;
				GCC_C_LANGUAGE_STANDARD = gnu99;
				GCC_NO_COMMON_BLOCKS = YES;
				GCC_WARN_64_TO_32_BIT_CONVERSION = YES;
				GCC_WARN_ABOUT_RETURN_TYPE = YES_ERROR;
				GCC_WARN_UNDECLARED_SELECTOR = YES;
				GCC_WARN_UNINITIALIZED_AUTOS = YES_AGGRESSIVE;
				GCC_WARN_UNUSED_FUNCTION = YES;
				GCC_WARN_UNUSED_VARIABLE = YES;
				IPHONEOS_DEPLOYMENT_TARGET = 9.3;
				MTL_ENABLE_DEBUG_INFO = NO;
				SDKROOT = iphoneos;
				VALIDATE_PRODUCT = YES;
			};
			name = Release;
		};
		F5DD3E0F1D73E48E003949AA /* Debug */ = {
			isa = XCBuildConfiguration;
			buildSettings = {
				ASSETCATALOG_COMPILER_APPICON_NAME = AppIcon;
				INFOPLIST_FILE = GameFish/Info.plist;
				LD_RUNPATH_SEARCH_PATHS = "$(inherited) @executable_path/Frameworks";
				PRODUCT_BUNDLE_IDENTIFIER = hoangminhthanh.GameFish;
				PRODUCT_NAME = "$(TARGET_NAME)";
			};
			name = Debug;
		};
		F5DD3E101D73E48E003949AA /* Release */ = {
			isa = XCBuildConfiguration;
			buildSettings = {
				ASSETCATALOG_COMPILER_APPICON_NAME = AppIcon;
				INFOPLIST_FILE = GameFish/Info.plist;
				LD_RUNPATH_SEARCH_PATHS = "$(inherited) @executable_path/Frameworks";
				PRODUCT_BUNDLE_IDENTIFIER = hoangminhthanh.GameFish;
				PRODUCT_NAME = "$(TARGET_NAME)";
			};
			name = Release;
		};
/* End XCBuildConfiguration section */

/* Begin XCConfigurationList section */
		F5DD3DF71D73E48E003949AA /* Build configuration list for PBXProject "GameFish" */ = {
			isa = XCConfigurationList;
			buildConfigurations = (
				F5DD3E0C1D73E48E003949AA /* Debug */,
				F5DD3E0D1D73E48E003949AA /* Release */,
			);
			defaultConfigurationIsVisible = 0;
			defaultConfigurationName = Release;
		};
		F5DD3E0E1D73E48E003949AA /* Build configuration list for PBXNativeTarget "GameFish" */ = {
			isa = XCConfigurationList;
			buildConfigurations = (
				F5DD3E0F1D73E48E003949AA /* Debug */,
				F5DD3E101D73E48E003949AA /* Release */,
			);
			defaultConfigurationIsVisible = 0;
		};
/* End XCConfigurationList section */
	};
	rootObject = F5DD3DF41D73E48E003949AA /* Project object */;
}
